
Microsoft Visual Studio Solution File, Format Version 12.00
# Visual Studio Version 16
VisualStudioVersion = 16.0.30223.230
MinimumVisualStudioVersion = 10.0.40219.1
Project("{9A19103F-16F7-4668-BE54-9A1E7A4F7556}") = "DotnetCoreWebApiRedoc", "DotnetCoreWebApiRedoc.csproj", "{BFFD4AD9-5F36-4566-8BDD-E51FA61C372F}"
EndProject
Global
	GlobalSection(SolutionConfigurationPlatforms) = preSolution
		Debug|Any CPU = Debug|Any CPU
		Release|Any CPU = Release|Any CPU
	EndGlobalSection
	GlobalSection(ProjectConfigurationPlatforms) = postSolution
		{BFFD4AD9-5F36-4566-8BDD-E51FA61C372F}.Debug|Any CPU.ActiveCfg = Debug|Any CPU
		{BFFD4AD9-5F36-4566-8BDD-E51FA61C372F}.Debug|Any CPU.Build.0 = Debug|Any CPU
		{BFFD4AD9-5F36-4566-8BDD-E51FA61C372F}.Release|Any CPU.ActiveCfg = Release|Any CPU
		{BFFD4AD9-5F36-4566-8BDD-E51FA61C372F}.Release|Any CPU.Build.0 = Release|Any CPU
	EndGlobalSection
	GlobalSection(SolutionProperties) = preSolution
		HideSolutionNode = FALSE
	EndGlobalSection
	GlobalSection(ExtensibilityGlobals) = postSolution
		SolutionGuid = {5926642C-A350-46F0-AD6C-7157FCEC40FF}
	EndGlobalSection
EndGlobal
